// !$*UTF8*$!
{
	archiveVersion = 1;
	classes = {
	};
	objectVersion = 46;
	objects = {

/* Begin PBXBuildFile section */
		00E356F31AD99517003FC87E /* ThePlaygroundTests.m in Sources */ = {isa = PBXBuildFile; fileRef = 00E356F21AD99517003FC87E /* ThePlaygroundTests.m */; };
		027811ECFF5E4B12B0551AC5 /* Octicons.ttf in Resources */ = {isa = PBXBuildFile; fileRef = 4C1DAFB4E7BA4B2DB0F7CBBA /* Octicons.ttf */; };
		13B07FBC1A68108700A75B9A /* AppDelegate.m in Sources */ = {isa = PBXBuildFile; fileRef = 13B07FB01A68108700A75B9A /* AppDelegate.m */; };
		13B07FBD1A68108700A75B9A /* LaunchScreen.xib in Resources */ = {isa = PBXBuildFile; fileRef = 13B07FB11A68108700A75B9A /* LaunchScreen.xib */; };
		13B07FBF1A68108700A75B9A /* Images.xcassets in Resources */ = {isa = PBXBuildFile; fileRef = 13B07FB51A68108700A75B9A /* Images.xcassets */; };
		13B07FC11A68108700A75B9A /* main.m in Sources */ = {isa = PBXBuildFile; fileRef = 13B07FB71A68108700A75B9A /* main.m */; };
		15B06ADC664B42DA91FDA837 /* Roboto-BlackItalic.ttf in Resources */ = {isa = PBXBuildFile; fileRef = 7033245790AD401187597263 /* Roboto-BlackItalic.ttf */; };
		19F981F1BC974E83AD6B0EBA /* Roboto-MediumItalic.ttf in Resources */ = {isa = PBXBuildFile; fileRef = B0D761C608B24037B9D3C5A4 /* Roboto-MediumItalic.ttf */; };
		1FB9B6EC3FA147D2B7BF821C /* Foundation.ttf in Resources */ = {isa = PBXBuildFile; fileRef = DB5A8E5890694E8B97B31419 /* Foundation.ttf */; };
		207C51EED0E24C31B3A4681C /* Roboto-Regular.ttf in Resources */ = {isa = PBXBuildFile; fileRef = D4CC651DE73F42C980B3D74A /* Roboto-Regular.ttf */; };
		2C8BE2E804644404969C9701 /* FontAwesome5_Regular.ttf in Resources */ = {isa = PBXBuildFile; fileRef = 79220F3C0F0346178F3E743C /* FontAwesome5_Regular.ttf */; };
		2D02E4BC1E0B4A80006451C7 /* AppDelegate.m in Sources */ = {isa = PBXBuildFile; fileRef = 13B07FB01A68108700A75B9A /* AppDelegate.m */; };
		2D02E4BD1E0B4A84006451C7 /* Images.xcassets in Resources */ = {isa = PBXBuildFile; fileRef = 13B07FB51A68108700A75B9A /* Images.xcassets */; };
		2D02E4BF1E0B4AB3006451C7 /* main.m in Sources */ = {isa = PBXBuildFile; fileRef = 13B07FB71A68108700A75B9A /* main.m */; };
		2DCD954D1E0B4F2C00145EB5 /* ThePlaygroundTests.m in Sources */ = {isa = PBXBuildFile; fileRef = 00E356F21AD99517003FC87E /* ThePlaygroundTests.m */; };
		33E7CF322385B7AD0072FCFD /* Fontisto.ttf in Resources */ = {isa = PBXBuildFile; fileRef = 33E7CF222385B7AD0072FCFD /* Fontisto.ttf */; };
		33E7CF332385B7AD0072FCFD /* Octicons.ttf in Resources */ = {isa = PBXBuildFile; fileRef = 33E7CF232385B7AD0072FCFD /* Octicons.ttf */; };
		33E7CF342385B7AD0072FCFD /* Feather.ttf in Resources */ = {isa = PBXBuildFile; fileRef = 33E7CF242385B7AD0072FCFD /* Feather.ttf */; };
		33E7CF352385B7AD0072FCFD /* Entypo.ttf in Resources */ = {isa = PBXBuildFile; fileRef = 33E7CF252385B7AD0072FCFD /* Entypo.ttf */; };
		33E7CF362385B7AD0072FCFD /* FontAwesome5_Brands.ttf in Resources */ = {isa = PBXBuildFile; fileRef = 33E7CF262385B7AD0072FCFD /* FontAwesome5_Brands.ttf */; };
		33E7CF372385B7AD0072FCFD /* MaterialCommunityIcons.ttf in Resources */ = {isa = PBXBuildFile; fileRef = 33E7CF272385B7AD0072FCFD /* MaterialCommunityIcons.ttf */; };
		33E7CF382385B7AD0072FCFD /* AntDesign.ttf in Resources */ = {isa = PBXBuildFile; fileRef = 33E7CF282385B7AD0072FCFD /* AntDesign.ttf */; };
		33E7CF392385B7AD0072FCFD /* Foundation.ttf in Resources */ = {isa = PBXBuildFile; fileRef = 33E7CF292385B7AD0072FCFD /* Foundation.ttf */; };
		33E7CF3A2385B7AD0072FCFD /* Ionicons.ttf in Resources */ = {isa = PBXBuildFile; fileRef = 33E7CF2A2385B7AD0072FCFD /* Ionicons.ttf */; };
		33E7CF3B2385B7AD0072FCFD /* FontAwesome5_Solid.ttf in Resources */ = {isa = PBXBuildFile; fileRef = 33E7CF2B2385B7AD0072FCFD /* FontAwesome5_Solid.ttf */; };
		33E7CF3C2385B7AD0072FCFD /* FontAwesome5_Regular.ttf in Resources */ = {isa = PBXBuildFile; fileRef = 33E7CF2C2385B7AD0072FCFD /* FontAwesome5_Regular.ttf */; };
		33E7CF3D2385B7AD0072FCFD /* FontAwesome.ttf in Resources */ = {isa = PBXBuildFile; fileRef = 33E7CF2D2385B7AD0072FCFD /* FontAwesome.ttf */; };
		33E7CF3E2385B7AD0072FCFD /* Zocial.ttf in Resources */ = {isa = PBXBuildFile; fileRef = 33E7CF2E2385B7AD0072FCFD /* Zocial.ttf */; };
		33E7CF3F2385B7AD0072FCFD /* EvilIcons.ttf in Resources */ = {isa = PBXBuildFile; fileRef = 33E7CF2F2385B7AD0072FCFD /* EvilIcons.ttf */; };
		33E7CF402385B7AD0072FCFD /* SimpleLineIcons.ttf in Resources */ = {isa = PBXBuildFile; fileRef = 33E7CF302385B7AD0072FCFD /* SimpleLineIcons.ttf */; };
		33E7CF412385B7AD0072FCFD /* MaterialIcons.ttf in Resources */ = {isa = PBXBuildFile; fileRef = 33E7CF312385B7AD0072FCFD /* MaterialIcons.ttf */; };
		38E0B5D376AE4F0FABD40A4B /* Ionicons.ttf in Resources */ = {isa = PBXBuildFile; fileRef = 9D1BA228594544978626DB35 /* Ionicons.ttf */; };
		40A096EE69724530822254C2 /* Roboto-Medium.ttf in Resources */ = {isa = PBXBuildFile; fileRef = 91DB461734A64D7292E4CA32 /* Roboto-Medium.ttf */; };
		45CA248557664752A5BAC413 /* Feather.ttf in Resources */ = {isa = PBXBuildFile; fileRef = 5507D6EC1BCD4CF084E25B0B /* Feather.ttf */; };
		5B7A5232D4314505863BCEE1 /* Entypo.ttf in Resources */ = {isa = PBXBuildFile; fileRef = 988B56A763EA48888A30457D /* Entypo.ttf */; };
		5D743C6743414B818098BE3B /* Zocial.ttf in Resources */ = {isa = PBXBuildFile; fileRef = 92E1DE993C814B4BB9E229C1 /* Zocial.ttf */; };
		6196DEEA459C42D7BA156ACF /* Roboto-Italic.ttf in Resources */ = {isa = PBXBuildFile; fileRef = 35C2C198A504456A862E9006 /* Roboto-Italic.ttf */; };
		61CD390B3EB249B59AA39B81 /* MaterialIcons.ttf in Resources */ = {isa = PBXBuildFile; fileRef = 4D6AB847BE8A4A0483CF54FD /* MaterialIcons.ttf */; };
		6B65925BCA444741877FAE2A /* AntDesign.ttf in Resources */ = {isa = PBXBuildFile; fileRef = B35770F503034194B33F1AED /* AntDesign.ttf */; };
		7218A4F8F7AA4B65AC6F92F1 /* FontAwesome.ttf in Resources */ = {isa = PBXBuildFile; fileRef = CA05116E9D014E639D9F3D34 /* FontAwesome.ttf */; };
		808E3F4C3CD64E42A16EC927 /* Roboto-Black.ttf in Resources */ = {isa = PBXBuildFile; fileRef = 6A2FAA00F9214B0E804F1C6E /* Roboto-Black.ttf */; };
		8D37848AADF146BE9A53C8D5 /* Roboto-Light.ttf in Resources */ = {isa = PBXBuildFile; fileRef = 048CF2A797604663BD2CF78A /* Roboto-Light.ttf */; };
		8F964F12A4754725894A00DB /* Roboto-ThinItalic.ttf in Resources */ = {isa = PBXBuildFile; fileRef = A3D2C38E42CA4FDDA862C34B /* Roboto-ThinItalic.ttf */; };
		923966F4C7EC1D229F936D1D /* libPods-ThePlayground.a in Frameworks */ = {isa = PBXBuildFile; fileRef = CDA6DD9F9637B22C4821E422 /* libPods-ThePlayground.a */; };
		9BA15A268B6C4298B4AF90BE /* FontAwesome5_Brands.ttf in Resources */ = {isa = PBXBuildFile; fileRef = 0DD1E0C0509A4E81979EA4FC /* FontAwesome5_Brands.ttf */; };
		A57FCCBAAC7D47E68FAE37BA /* MaterialCommunityIcons.ttf in Resources */ = {isa = PBXBuildFile; fileRef = 354DB83BADED4139A22A4C7E /* MaterialCommunityIcons.ttf */; };
		A7E4F73DAFB64AAFB14A5085 /* FontAwesome5_Solid.ttf in Resources */ = {isa = PBXBuildFile; fileRef = 5668A3B713E848A1911AA947 /* FontAwesome5_Solid.ttf */; };
		A897AF87CF0D8343733E35CB /* libPods-ThePlayground-tvOS.a in Frameworks */ = {isa = PBXBuildFile; fileRef = C4CFDE0D3F641EB9B36F5BBD /* libPods-ThePlayground-tvOS.a */; };
		B093FC3700FF1E22B2EAC16A /* libPods-ThePlaygroundTests.a in Frameworks */ = {isa = PBXBuildFile; fileRef = 689B07A5A7445CEAAC3D1640 /* libPods-ThePlaygroundTests.a */; };
		BB17D2F581BE4FA3A87DFA39 /* Roboto-Bold.ttf in Resources */ = {isa = PBXBuildFile; fileRef = F3949B3377654544BEF5DC28 /* Roboto-Bold.ttf */; };
		C39148260AE7413BA13F3DC7 /* Roboto-BoldItalic.ttf in Resources */ = {isa = PBXBuildFile; fileRef = 4B41CED1958A42F39182250E /* Roboto-BoldItalic.ttf */; };
		C83E916A994941BA9FEE4026 /* Roboto-LightItalic.ttf in Resources */ = {isa = PBXBuildFile; fileRef = 1300DD036D4144449244F6D8 /* Roboto-LightItalic.ttf */; };
		CE69563E8DC14A4C8AEDB9E3 /* EvilIcons.ttf in Resources */ = {isa = PBXBuildFile; fileRef = C7918D59D0144BF2A459AF5D /* EvilIcons.ttf */; };
		D5C2FC0A3CC54292B4901168 /* SimpleLineIcons.ttf in Resources */ = {isa = PBXBuildFile; fileRef = D73E484EF0FE4CA180A40F7B /* SimpleLineIcons.ttf */; };
		DC97E1BAC0573F03CBD4EDAF /* libPods-ThePlayground-tvOSTests.a in Frameworks */ = {isa = PBXBuildFile; fileRef = EE3512930B44AD81CBFF9EE3 /* libPods-ThePlayground-tvOSTests.a */; };
		DE8980B446B64536822A4C62 /* Roboto-Thin.ttf in Resources */ = {isa = PBXBuildFile; fileRef = 1B7CB1069E5D41EEB2DD449C /* Roboto-Thin.ttf */; };
		DEBF5251C67641F7863ED745 /* Fontisto.ttf in Resources */ = {isa = PBXBuildFile; fileRef = 747BF807DE684A62B42905D1 /* Fontisto.ttf */; };
		E49127918523441D818C27ED /* BeautifulHeart.ttf in Resources */ = {isa = PBXBuildFile; fileRef = 1580742217DF4CE4BFE8B1E2 /* BeautifulHeart.ttf */; };
/* End PBXBuildFile section */

/* Begin PBXContainerItemProxy section */
		00E356F41AD99517003FC87E /* PBXContainerItemProxy */ = {
			isa = PBXContainerItemProxy;
			containerPortal = 83CBB9F71A601CBA00E9B192 /* Project object */;
			proxyType = 1;
			remoteGlobalIDString = 13B07F861A680F5B00A75B9A;
			remoteInfo = ThePlayground;
		};
		2D02E4911E0B4A5D006451C7 /* PBXContainerItemProxy */ = {
			isa = PBXContainerItemProxy;
			containerPortal = 83CBB9F71A601CBA00E9B192 /* Project object */;
			proxyType = 1;
			remoteGlobalIDString = 2D02E47A1E0B4A5D006451C7;
			remoteInfo = "ThePlayground-tvOS";
		};
/* End PBXContainerItemProxy section */

/* Begin PBXFileReference section */
		008F07F21AC5B25A0029DE68 /* main.jsbundle */ = {isa = PBXFileReference; fileEncoding = 4; lastKnownFileType = text; path = main.jsbundle; sourceTree = "<group>"; };
		00E356EE1AD99517003FC87E /* ThePlaygroundTests.xctest */ = {isa = PBXFileReference; explicitFileType = wrapper.cfbundle; includeInIndex = 0; path = ThePlaygroundTests.xctest; sourceTree = BUILT_PRODUCTS_DIR; };
		00E356F11AD99517003FC87E /* Info.plist */ = {isa = PBXFileReference; lastKnownFileType = text.plist.xml; path = Info.plist; sourceTree = "<group>"; };
		00E356F21AD99517003FC87E /* ThePlaygroundTests.m */ = {isa = PBXFileReference; lastKnownFileType = sourcecode.c.objc; path = ThePlaygroundTests.m; sourceTree = "<group>"; };
		048CF2A797604663BD2CF78A /* Roboto-Light.ttf */ = {isa = PBXFileReference; explicitFileType = undefined; fileEncoding = 9; includeInIndex = 0; lastKnownFileType = unknown; name = "Roboto-Light.ttf"; path = "../src/assets/fonts/Roboto-Light.ttf"; sourceTree = "<group>"; };
		0DD1E0C0509A4E81979EA4FC /* FontAwesome5_Brands.ttf */ = {isa = PBXFileReference; explicitFileType = undefined; fileEncoding = 9; includeInIndex = 0; lastKnownFileType = unknown; name = FontAwesome5_Brands.ttf; path = "../node_modules/react-native-vector-icons/Fonts/FontAwesome5_Brands.ttf"; sourceTree = "<group>"; };
		122A4FF0D80F9E4B4B219631 /* Pods-ThePlayground.release.xcconfig */ = {isa = PBXFileReference; includeInIndex = 1; lastKnownFileType = text.xcconfig; name = "Pods-ThePlayground.release.xcconfig"; path = "Target Support Files/Pods-ThePlayground/Pods-ThePlayground.release.xcconfig"; sourceTree = "<group>"; };
		1300DD036D4144449244F6D8 /* Roboto-LightItalic.ttf */ = {isa = PBXFileReference; explicitFileType = undefined; fileEncoding = 9; includeInIndex = 0; lastKnownFileType = unknown; name = "Roboto-LightItalic.ttf"; path = "../src/assets/fonts/Roboto-LightItalic.ttf"; sourceTree = "<group>"; };
		13B07F961A680F5B00A75B9A /* ThePlayground.app */ = {isa = PBXFileReference; explicitFileType = wrapper.application; includeInIndex = 0; path = ThePlayground.app; sourceTree = BUILT_PRODUCTS_DIR; };
		13B07FAF1A68108700A75B9A /* AppDelegate.h */ = {isa = PBXFileReference; fileEncoding = 4; lastKnownFileType = sourcecode.c.h; name = AppDelegate.h; path = ThePlayground/AppDelegate.h; sourceTree = "<group>"; };
		13B07FB01A68108700A75B9A /* AppDelegate.m */ = {isa = PBXFileReference; fileEncoding = 4; lastKnownFileType = sourcecode.c.objc; name = AppDelegate.m; path = ThePlayground/AppDelegate.m; sourceTree = "<group>"; };
		13B07FB21A68108700A75B9A /* Base */ = {isa = PBXFileReference; lastKnownFileType = file.xib; name = Base; path = Base.lproj/LaunchScreen.xib; sourceTree = "<group>"; };
		13B07FB51A68108700A75B9A /* Images.xcassets */ = {isa = PBXFileReference; lastKnownFileType = folder.assetcatalog; name = Images.xcassets; path = ThePlayground/Images.xcassets; sourceTree = "<group>"; };
		13B07FB61A68108700A75B9A /* Info.plist */ = {isa = PBXFileReference; fileEncoding = 4; lastKnownFileType = text.plist.xml; name = Info.plist; path = ThePlayground/Info.plist; sourceTree = "<group>"; };
		13B07FB71A68108700A75B9A /* main.m */ = {isa = PBXFileReference; fileEncoding = 4; lastKnownFileType = sourcecode.c.objc; name = main.m; path = ThePlayground/main.m; sourceTree = "<group>"; };
		1580742217DF4CE4BFE8B1E2 /* BeautifulHeart.ttf */ = {isa = PBXFileReference; explicitFileType = undefined; fileEncoding = 9; includeInIndex = 0; lastKnownFileType = unknown; name = BeautifulHeart.ttf; path = ../src/assets/fonts/BeautifulHeart.ttf; sourceTree = "<group>"; };
		1920FB103FADE20F040065FE /* Pods-ThePlayground-tvOS.debug.xcconfig */ = {isa = PBXFileReference; includeInIndex = 1; lastKnownFileType = text.xcconfig; name = "Pods-ThePlayground-tvOS.debug.xcconfig"; path = "Target Support Files/Pods-ThePlayground-tvOS/Pods-ThePlayground-tvOS.debug.xcconfig"; sourceTree = "<group>"; };
		1B7CB1069E5D41EEB2DD449C /* Roboto-Thin.ttf */ = {isa = PBXFileReference; explicitFileType = undefined; fileEncoding = 9; includeInIndex = 0; lastKnownFileType = unknown; name = "Roboto-Thin.ttf"; path = "../src/assets/fonts/Roboto-Thin.ttf"; sourceTree = "<group>"; };
		1E47AF3D2A4DF9DFB53C86C5 /* Pods-ThePlayground-tvOSTests.release.xcconfig */ = {isa = PBXFileReference; includeInIndex = 1; lastKnownFileType = text.xcconfig; name = "Pods-ThePlayground-tvOSTests.release.xcconfig"; path = "Target Support Files/Pods-ThePlayground-tvOSTests/Pods-ThePlayground-tvOSTests.release.xcconfig"; sourceTree = "<group>"; };
		2D02E47B1E0B4A5D006451C7 /* ThePlayground-tvOS.app */ = {isa = PBXFileReference; explicitFileType = wrapper.application; includeInIndex = 0; path = "ThePlayground-tvOS.app"; sourceTree = BUILT_PRODUCTS_DIR; };
		2D02E4901E0B4A5D006451C7 /* ThePlayground-tvOSTests.xctest */ = {isa = PBXFileReference; explicitFileType = wrapper.cfbundle; includeInIndex = 0; path = "ThePlayground-tvOSTests.xctest"; sourceTree = BUILT_PRODUCTS_DIR; };
		33E7CF222385B7AD0072FCFD /* Fontisto.ttf */ = {isa = PBXFileReference; lastKnownFileType = file; path = Fontisto.ttf; sourceTree = "<group>"; };
		33E7CF232385B7AD0072FCFD /* Octicons.ttf */ = {isa = PBXFileReference; lastKnownFileType = file; path = Octicons.ttf; sourceTree = "<group>"; };
		33E7CF242385B7AD0072FCFD /* Feather.ttf */ = {isa = PBXFileReference; lastKnownFileType = file; path = Feather.ttf; sourceTree = "<group>"; };
		33E7CF252385B7AD0072FCFD /* Entypo.ttf */ = {isa = PBXFileReference; lastKnownFileType = file; path = Entypo.ttf; sourceTree = "<group>"; };
		33E7CF262385B7AD0072FCFD /* FontAwesome5_Brands.ttf */ = {isa = PBXFileReference; lastKnownFileType = file; path = FontAwesome5_Brands.ttf; sourceTree = "<group>"; };
		33E7CF272385B7AD0072FCFD /* MaterialCommunityIcons.ttf */ = {isa = PBXFileReference; lastKnownFileType = file; path = MaterialCommunityIcons.ttf; sourceTree = "<group>"; };
		33E7CF282385B7AD0072FCFD /* AntDesign.ttf */ = {isa = PBXFileReference; lastKnownFileType = file; path = AntDesign.ttf; sourceTree = "<group>"; };
		33E7CF292385B7AD0072FCFD /* Foundation.ttf */ = {isa = PBXFileReference; lastKnownFileType = file; path = Foundation.ttf; sourceTree = "<group>"; };
		33E7CF2A2385B7AD0072FCFD /* Ionicons.ttf */ = {isa = PBXFileReference; lastKnownFileType = file; path = Ionicons.ttf; sourceTree = "<group>"; };
		33E7CF2B2385B7AD0072FCFD /* FontAwesome5_Solid.ttf */ = {isa = PBXFileReference; lastKnownFileType = file; path = FontAwesome5_Solid.ttf; sourceTree = "<group>"; };
		33E7CF2C2385B7AD0072FCFD /* FontAwesome5_Regular.ttf */ = {isa = PBXFileReference; lastKnownFileType = file; path = FontAwesome5_Regular.ttf; sourceTree = "<group>"; };
		33E7CF2D2385B7AD0072FCFD /* FontAwesome.ttf */ = {isa = PBXFileReference; lastKnownFileType = file; path = FontAwesome.ttf; sourceTree = "<group>"; };
		33E7CF2E2385B7AD0072FCFD /* Zocial.ttf */ = {isa = PBXFileReference; lastKnownFileType = file; path = Zocial.ttf; sourceTree = "<group>"; };
		33E7CF2F2385B7AD0072FCFD /* EvilIcons.ttf */ = {isa = PBXFileReference; lastKnownFileType = file; path = EvilIcons.ttf; sourceTree = "<group>"; };
		33E7CF302385B7AD0072FCFD /* SimpleLineIcons.ttf */ = {isa = PBXFileReference; lastKnownFileType = file; path = SimpleLineIcons.ttf; sourceTree = "<group>"; };
		33E7CF312385B7AD0072FCFD /* MaterialIcons.ttf */ = {isa = PBXFileReference; lastKnownFileType = file; path = MaterialIcons.ttf; sourceTree = "<group>"; };
		354DB83BADED4139A22A4C7E /* MaterialCommunityIcons.ttf */ = {isa = PBXFileReference; explicitFileType = undefined; fileEncoding = 9; includeInIndex = 0; lastKnownFileType = unknown; name = MaterialCommunityIcons.ttf; path = "../node_modules/react-native-vector-icons/Fonts/MaterialCommunityIcons.ttf"; sourceTree = "<group>"; };
		35C2C198A504456A862E9006 /* Roboto-Italic.ttf */ = {isa = PBXFileReference; explicitFileType = undefined; fileEncoding = 9; includeInIndex = 0; lastKnownFileType = unknown; name = "Roboto-Italic.ttf"; path = "../src/assets/fonts/Roboto-Italic.ttf"; sourceTree = "<group>"; };
		4B41CED1958A42F39182250E /* Roboto-BoldItalic.ttf */ = {isa = PBXFileReference; explicitFileType = undefined; fileEncoding = 9; includeInIndex = 0; lastKnownFileType = unknown; name = "Roboto-BoldItalic.ttf"; path = "../src/assets/fonts/Roboto-BoldItalic.ttf"; sourceTree = "<group>"; };
		4C1DAFB4E7BA4B2DB0F7CBBA /* Octicons.ttf */ = {isa = PBXFileReference; explicitFileType = undefined; fileEncoding = 9; includeInIndex = 0; lastKnownFileType = unknown; name = Octicons.ttf; path = "../node_modules/react-native-vector-icons/Fonts/Octicons.ttf"; sourceTree = "<group>"; };
		4D6AB847BE8A4A0483CF54FD /* MaterialIcons.ttf */ = {isa = PBXFileReference; explicitFileType = undefined; fileEncoding = 9; includeInIndex = 0; lastKnownFileType = unknown; name = MaterialIcons.ttf; path = "../node_modules/react-native-vector-icons/Fonts/MaterialIcons.ttf"; sourceTree = "<group>"; };
		5507D6EC1BCD4CF084E25B0B /* Feather.ttf */ = {isa = PBXFileReference; explicitFileType = undefined; fileEncoding = 9; includeInIndex = 0; lastKnownFileType = unknown; name = Feather.ttf; path = "../node_modules/react-native-vector-icons/Fonts/Feather.ttf"; sourceTree = "<group>"; };
		5668A3B713E848A1911AA947 /* FontAwesome5_Solid.ttf */ = {isa = PBXFileReference; explicitFileType = undefined; fileEncoding = 9; includeInIndex = 0; lastKnownFileType = unknown; name = FontAwesome5_Solid.ttf; path = "../node_modules/react-native-vector-icons/Fonts/FontAwesome5_Solid.ttf"; sourceTree = "<group>"; };
		5936D0077BC7026742169E14 /* Pods-ThePlayground.debug.xcconfig */ = {isa = PBXFileReference; includeInIndex = 1; lastKnownFileType = text.xcconfig; name = "Pods-ThePlayground.debug.xcconfig"; path = "Target Support Files/Pods-ThePlayground/Pods-ThePlayground.debug.xcconfig"; sourceTree = "<group>"; };
		689B07A5A7445CEAAC3D1640 /* libPods-ThePlaygroundTests.a */ = {isa = PBXFileReference; explicitFileType = archive.ar; includeInIndex = 0; path = "libPods-ThePlaygroundTests.a"; sourceTree = BUILT_PRODUCTS_DIR; };
		6A2FAA00F9214B0E804F1C6E /* Roboto-Black.ttf */ = {isa = PBXFileReference; explicitFileType = undefined; fileEncoding = 9; includeInIndex = 0; lastKnownFileType = unknown; name = "Roboto-Black.ttf"; path = "../src/assets/fonts/Roboto-Black.ttf"; sourceTree = "<group>"; };
		7033245790AD401187597263 /* Roboto-BlackItalic.ttf */ = {isa = PBXFileReference; explicitFileType = undefined; fileEncoding = 9; includeInIndex = 0; lastKnownFileType = unknown; name = "Roboto-BlackItalic.ttf"; path = "../src/assets/fonts/Roboto-BlackItalic.ttf"; sourceTree = "<group>"; };
		747BF807DE684A62B42905D1 /* Fontisto.ttf */ = {isa = PBXFileReference; explicitFileType = undefined; fileEncoding = 9; includeInIndex = 0; lastKnownFileType = unknown; name = Fontisto.ttf; path = "../node_modules/react-native-vector-icons/Fonts/Fontisto.ttf"; sourceTree = "<group>"; };
		79220F3C0F0346178F3E743C /* FontAwesome5_Regular.ttf */ = {isa = PBXFileReference; explicitFileType = undefined; fileEncoding = 9; includeInIndex = 0; lastKnownFileType = unknown; name = FontAwesome5_Regular.ttf; path = "../node_modules/react-native-vector-icons/Fonts/FontAwesome5_Regular.ttf"; sourceTree = "<group>"; };
		894E00D39033CA93D834809B /* Pods-ThePlaygroundTests.release.xcconfig */ = {isa = PBXFileReference; includeInIndex = 1; lastKnownFileType = text.xcconfig; name = "Pods-ThePlaygroundTests.release.xcconfig"; path = "Target Support Files/Pods-ThePlaygroundTests/Pods-ThePlaygroundTests.release.xcconfig"; sourceTree = "<group>"; };
		8B750E96CE892F7871BF8B0D /* Pods-ThePlaygroundTests.debug.xcconfig */ = {isa = PBXFileReference; includeInIndex = 1; lastKnownFileType = text.xcconfig; name = "Pods-ThePlaygroundTests.debug.xcconfig"; path = "Target Support Files/Pods-ThePlaygroundTests/Pods-ThePlaygroundTests.debug.xcconfig"; sourceTree = "<group>"; };
		8F8E4B0E36E85B24F60787CE /* Pods-ThePlayground-tvOSTests.debug.xcconfig */ = {isa = PBXFileReference; includeInIndex = 1; lastKnownFileType = text.xcconfig; name = "Pods-ThePlayground-tvOSTests.debug.xcconfig"; path = "Target Support Files/Pods-ThePlayground-tvOSTests/Pods-ThePlayground-tvOSTests.debug.xcconfig"; sourceTree = "<group>"; };
		91DB461734A64D7292E4CA32 /* Roboto-Medium.ttf */ = {isa = PBXFileReference; explicitFileType = undefined; fileEncoding = 9; includeInIndex = 0; lastKnownFileType = unknown; name = "Roboto-Medium.ttf"; path = "../src/assets/fonts/Roboto-Medium.ttf"; sourceTree = "<group>"; };
		92E1DE993C814B4BB9E229C1 /* Zocial.ttf */ = {isa = PBXFileReference; explicitFileType = undefined; fileEncoding = 9; includeInIndex = 0; lastKnownFileType = unknown; name = Zocial.ttf; path = "../node_modules/react-native-vector-icons/Fonts/Zocial.ttf"; sourceTree = "<group>"; };
		988B56A763EA48888A30457D /* Entypo.ttf */ = {isa = PBXFileReference; explicitFileType = undefined; fileEncoding = 9; includeInIndex = 0; lastKnownFileType = unknown; name = Entypo.ttf; path = "../node_modules/react-native-vector-icons/Fonts/Entypo.ttf"; sourceTree = "<group>"; };
		9D1BA228594544978626DB35 /* Ionicons.ttf */ = {isa = PBXFileReference; explicitFileType = undefined; fileEncoding = 9; includeInIndex = 0; lastKnownFileType = unknown; name = Ionicons.ttf; path = "../node_modules/react-native-vector-icons/Fonts/Ionicons.ttf"; sourceTree = "<group>"; };
		A3D2C38E42CA4FDDA862C34B /* Roboto-ThinItalic.ttf */ = {isa = PBXFileReference; explicitFileType = undefined; fileEncoding = 9; includeInIndex = 0; lastKnownFileType = unknown; name = "Roboto-ThinItalic.ttf"; path = "../src/assets/fonts/Roboto-ThinItalic.ttf"; sourceTree = "<group>"; };
		B0D761C608B24037B9D3C5A4 /* Roboto-MediumItalic.ttf */ = {isa = PBXFileReference; explicitFileType = undefined; fileEncoding = 9; includeInIndex = 0; lastKnownFileType = unknown; name = "Roboto-MediumItalic.ttf"; path = "../src/assets/fonts/Roboto-MediumItalic.ttf"; sourceTree = "<group>"; };
		B35770F503034194B33F1AED /* AntDesign.ttf */ = {isa = PBXFileReference; explicitFileType = undefined; fileEncoding = 9; includeInIndex = 0; lastKnownFileType = unknown; name = AntDesign.ttf; path = "../node_modules/react-native-vector-icons/Fonts/AntDesign.ttf"; sourceTree = "<group>"; };
		C4CFDE0D3F641EB9B36F5BBD /* libPods-ThePlayground-tvOS.a */ = {isa = PBXFileReference; explicitFileType = archive.ar; includeInIndex = 0; path = "libPods-ThePlayground-tvOS.a"; sourceTree = BUILT_PRODUCTS_DIR; };
		C63399D3BF9BC8C8CD399D62 /* Pods-ThePlayground-tvOS.release.xcconfig */ = {isa = PBXFileReference; includeInIndex = 1; lastKnownFileType = text.xcconfig; name = "Pods-ThePlayground-tvOS.release.xcconfig"; path = "Target Support Files/Pods-ThePlayground-tvOS/Pods-ThePlayground-tvOS.release.xcconfig"; sourceTree = "<group>"; };
		C7918D59D0144BF2A459AF5D /* EvilIcons.ttf */ = {isa = PBXFileReference; explicitFileType = undefined; fileEncoding = 9; includeInIndex = 0; lastKnownFileType = unknown; name = EvilIcons.ttf; path = "../node_modules/react-native-vector-icons/Fonts/EvilIcons.ttf"; sourceTree = "<group>"; };
		CA05116E9D014E639D9F3D34 /* FontAwesome.ttf */ = {isa = PBXFileReference; explicitFileType = undefined; fileEncoding = 9; includeInIndex = 0; lastKnownFileType = unknown; name = FontAwesome.ttf; path = "../node_modules/react-native-vector-icons/Fonts/FontAwesome.ttf"; sourceTree = "<group>"; };
		CDA6DD9F9637B22C4821E422 /* libPods-ThePlayground.a */ = {isa = PBXFileReference; explicitFileType = archive.ar; includeInIndex = 0; path = "libPods-ThePlayground.a"; sourceTree = BUILT_PRODUCTS_DIR; };
		D4CC651DE73F42C980B3D74A /* Roboto-Regular.ttf */ = {isa = PBXFileReference; explicitFileType = undefined; fileEncoding = 9; includeInIndex = 0; lastKnownFileType = unknown; name = "Roboto-Regular.ttf"; path = "../src/assets/fonts/Roboto-Regular.ttf"; sourceTree = "<group>"; };
		D4EADFB2955F4A589B283A25 /* Beautiful Heart.ttf */ = {isa = PBXFileReference; explicitFileType = undefined; fileEncoding = 9; includeInIndex = 0; lastKnownFileType = unknown; name = "Beautiful Heart.ttf"; path = "../src/assets/fonts/Beautiful Heart.ttf"; sourceTree = "<group>"; };
		D73E484EF0FE4CA180A40F7B /* SimpleLineIcons.ttf */ = {isa = PBXFileReference; explicitFileType = undefined; fileEncoding = 9; includeInIndex = 0; lastKnownFileType = unknown; name = SimpleLineIcons.ttf; path = "../node_modules/react-native-vector-icons/Fonts/SimpleLineIcons.ttf"; sourceTree = "<group>"; };
		DB5A8E5890694E8B97B31419 /* Foundation.ttf */ = {isa = PBXFileReference; explicitFileType = undefined; fileEncoding = 9; includeInIndex = 0; lastKnownFileType = unknown; name = Foundation.ttf; path = "../node_modules/react-native-vector-icons/Fonts/Foundation.ttf"; sourceTree = "<group>"; };
		ED297162215061F000B7C4FE /* JavaScriptCore.framework */ = {isa = PBXFileReference; lastKnownFileType = wrapper.framework; name = JavaScriptCore.framework; path = System/Library/Frameworks/JavaScriptCore.framework; sourceTree = SDKROOT; };
		ED2971642150620600B7C4FE /* JavaScriptCore.framework */ = {isa = PBXFileReference; lastKnownFileType = wrapper.framework; name = JavaScriptCore.framework; path = Platforms/AppleTVOS.platform/Developer/SDKs/AppleTVOS12.0.sdk/System/Library/Frameworks/JavaScriptCore.framework; sourceTree = DEVELOPER_DIR; };
		EE3512930B44AD81CBFF9EE3 /* libPods-ThePlayground-tvOSTests.a */ = {isa = PBXFileReference; explicitFileType = archive.ar; includeInIndex = 0; path = "libPods-ThePlayground-tvOSTests.a"; sourceTree = BUILT_PRODUCTS_DIR; };
		F3949B3377654544BEF5DC28 /* Roboto-Bold.ttf */ = {isa = PBXFileReference; explicitFileType = undefined; fileEncoding = 9; includeInIndex = 0; lastKnownFileType = unknown; name = "Roboto-Bold.ttf"; path = "../src/assets/fonts/Roboto-Bold.ttf"; sourceTree = "<group>"; };
/* End PBXFileReference section */

/* Begin PBXFrameworksBuildPhase section */
		00E356EB1AD99517003FC87E /* Frameworks */ = {
			isa = PBXFrameworksBuildPhase;
			buildActionMask = 2147483647;
			files = (
				B093FC3700FF1E22B2EAC16A /* libPods-ThePlaygroundTests.a in Frameworks */,
			);
			runOnlyForDeploymentPostprocessing = 0;
		};
		13B07F8C1A680F5B00A75B9A /* Frameworks */ = {
			isa = PBXFrameworksBuildPhase;
			buildActionMask = 2147483647;
			files = (
				923966F4C7EC1D229F936D1D /* libPods-ThePlayground.a in Frameworks */,
			);
			runOnlyForDeploymentPostprocessing = 0;
		};
		2D02E4781E0B4A5D006451C7 /* Frameworks */ = {
			isa = PBXFrameworksBuildPhase;
			buildActionMask = 2147483647;
			files = (
				A897AF87CF0D8343733E35CB /* libPods-ThePlayground-tvOS.a in Frameworks */,
			);
			runOnlyForDeploymentPostprocessing = 0;
		};
		2D02E48D1E0B4A5D006451C7 /* Frameworks */ = {
			isa = PBXFrameworksBuildPhase;
			buildActionMask = 2147483647;
			files = (
				DC97E1BAC0573F03CBD4EDAF /* libPods-ThePlayground-tvOSTests.a in Frameworks */,
			);
			runOnlyForDeploymentPostprocessing = 0;
		};
/* End PBXFrameworksBuildPhase section */

/* Begin PBXGroup section */
		00E356EF1AD99517003FC87E /* ThePlaygroundTests */ = {
			isa = PBXGroup;
			children = (
				00E356F21AD99517003FC87E /* ThePlaygroundTests.m */,
				00E356F01AD99517003FC87E /* Supporting Files */,
			);
			path = ThePlaygroundTests;
			sourceTree = "<group>";
		};
		00E356F01AD99517003FC87E /* Supporting Files */ = {
			isa = PBXGroup;
			children = (
				00E356F11AD99517003FC87E /* Info.plist */,
			);
			name = "Supporting Files";
			sourceTree = "<group>";
		};
		13B07FAE1A68108700A75B9A /* ThePlayground */ = {
			isa = PBXGroup;
			children = (
				008F07F21AC5B25A0029DE68 /* main.jsbundle */,
				13B07FAF1A68108700A75B9A /* AppDelegate.h */,
				13B07FB01A68108700A75B9A /* AppDelegate.m */,
				13B07FB51A68108700A75B9A /* Images.xcassets */,
				13B07FB61A68108700A75B9A /* Info.plist */,
				13B07FB11A68108700A75B9A /* LaunchScreen.xib */,
				13B07FB71A68108700A75B9A /* main.m */,
			);
			name = ThePlayground;
			sourceTree = "<group>";
		};
		1AABDF76DF0E41ECAAC439AA /* Resources */ = {
			isa = PBXGroup;
			children = (
				B35770F503034194B33F1AED /* AntDesign.ttf */,
				988B56A763EA48888A30457D /* Entypo.ttf */,
				C7918D59D0144BF2A459AF5D /* EvilIcons.ttf */,
				5507D6EC1BCD4CF084E25B0B /* Feather.ttf */,
				CA05116E9D014E639D9F3D34 /* FontAwesome.ttf */,
				0DD1E0C0509A4E81979EA4FC /* FontAwesome5_Brands.ttf */,
				79220F3C0F0346178F3E743C /* FontAwesome5_Regular.ttf */,
				5668A3B713E848A1911AA947 /* FontAwesome5_Solid.ttf */,
				747BF807DE684A62B42905D1 /* Fontisto.ttf */,
				DB5A8E5890694E8B97B31419 /* Foundation.ttf */,
				9D1BA228594544978626DB35 /* Ionicons.ttf */,
				354DB83BADED4139A22A4C7E /* MaterialCommunityIcons.ttf */,
				4D6AB847BE8A4A0483CF54FD /* MaterialIcons.ttf */,
				4C1DAFB4E7BA4B2DB0F7CBBA /* Octicons.ttf */,
				D73E484EF0FE4CA180A40F7B /* SimpleLineIcons.ttf */,
				92E1DE993C814B4BB9E229C1 /* Zocial.ttf */,
				D4EADFB2955F4A589B283A25 /* Beautiful Heart.ttf */,
				1580742217DF4CE4BFE8B1E2 /* BeautifulHeart.ttf */,
				6A2FAA00F9214B0E804F1C6E /* Roboto-Black.ttf */,
				7033245790AD401187597263 /* Roboto-BlackItalic.ttf */,
				F3949B3377654544BEF5DC28 /* Roboto-Bold.ttf */,
				4B41CED1958A42F39182250E /* Roboto-BoldItalic.ttf */,
				35C2C198A504456A862E9006 /* Roboto-Italic.ttf */,
				048CF2A797604663BD2CF78A /* Roboto-Light.ttf */,
				1300DD036D4144449244F6D8 /* Roboto-LightItalic.ttf */,
				91DB461734A64D7292E4CA32 /* Roboto-Medium.ttf */,
				B0D761C608B24037B9D3C5A4 /* Roboto-MediumItalic.ttf */,
				D4CC651DE73F42C980B3D74A /* Roboto-Regular.ttf */,
				1B7CB1069E5D41EEB2DD449C /* Roboto-Thin.ttf */,
				A3D2C38E42CA4FDDA862C34B /* Roboto-ThinItalic.ttf */,
			);
			name = Resources;
			sourceTree = "<group>";
		};
		29119CB9B8C8398A9CC6C846 /* Pods */ = {
			isa = PBXGroup;
			children = (
				5936D0077BC7026742169E14 /* Pods-ThePlayground.debug.xcconfig */,
				122A4FF0D80F9E4B4B219631 /* Pods-ThePlayground.release.xcconfig */,
				1920FB103FADE20F040065FE /* Pods-ThePlayground-tvOS.debug.xcconfig */,
				C63399D3BF9BC8C8CD399D62 /* Pods-ThePlayground-tvOS.release.xcconfig */,
				8F8E4B0E36E85B24F60787CE /* Pods-ThePlayground-tvOSTests.debug.xcconfig */,
				1E47AF3D2A4DF9DFB53C86C5 /* Pods-ThePlayground-tvOSTests.release.xcconfig */,
				8B750E96CE892F7871BF8B0D /* Pods-ThePlaygroundTests.debug.xcconfig */,
				894E00D39033CA93D834809B /* Pods-ThePlaygroundTests.release.xcconfig */,
			);
			path = Pods;
			sourceTree = "<group>";
		};
		2D16E6871FA4F8E400B85C8A /* Frameworks */ = {
			isa = PBXGroup;
			children = (
				ED297162215061F000B7C4FE /* JavaScriptCore.framework */,
				ED2971642150620600B7C4FE /* JavaScriptCore.framework */,
				CDA6DD9F9637B22C4821E422 /* libPods-ThePlayground.a */,
				C4CFDE0D3F641EB9B36F5BBD /* libPods-ThePlayground-tvOS.a */,
				EE3512930B44AD81CBFF9EE3 /* libPods-ThePlayground-tvOSTests.a */,
				689B07A5A7445CEAAC3D1640 /* libPods-ThePlaygroundTests.a */,
			);
			name = Frameworks;
			sourceTree = "<group>";
		};
		33E7CF212385B7AD0072FCFD /* Fonts */ = {
			isa = PBXGroup;
			children = (
				33E7CF222385B7AD0072FCFD /* Fontisto.ttf */,
				33E7CF232385B7AD0072FCFD /* Octicons.ttf */,
				33E7CF242385B7AD0072FCFD /* Feather.ttf */,
				33E7CF252385B7AD0072FCFD /* Entypo.ttf */,
				33E7CF262385B7AD0072FCFD /* FontAwesome5_Brands.ttf */,
				33E7CF272385B7AD0072FCFD /* MaterialCommunityIcons.ttf */,
				33E7CF282385B7AD0072FCFD /* AntDesign.ttf */,
				33E7CF292385B7AD0072FCFD /* Foundation.ttf */,
				33E7CF2A2385B7AD0072FCFD /* Ionicons.ttf */,
				33E7CF2B2385B7AD0072FCFD /* FontAwesome5_Solid.ttf */,
				33E7CF2C2385B7AD0072FCFD /* FontAwesome5_Regular.ttf */,
				33E7CF2D2385B7AD0072FCFD /* FontAwesome.ttf */,
				33E7CF2E2385B7AD0072FCFD /* Zocial.ttf */,
				33E7CF2F2385B7AD0072FCFD /* EvilIcons.ttf */,
				33E7CF302385B7AD0072FCFD /* SimpleLineIcons.ttf */,
				33E7CF312385B7AD0072FCFD /* MaterialIcons.ttf */,
			);
			name = Fonts;
			path = "../node_modules/react-native-vector-icons/Fonts";
			sourceTree = "<group>";
		};
		832341AE1AAA6A7D00B99B32 /* Libraries */ = {
			isa = PBXGroup;
			children = (
			);
			name = Libraries;
			sourceTree = "<group>";
		};
		83CBB9F61A601CBA00E9B192 = {
			isa = PBXGroup;
			children = (
				33E7CF212385B7AD0072FCFD /* Fonts */,
				13B07FAE1A68108700A75B9A /* ThePlayground */,
				832341AE1AAA6A7D00B99B32 /* Libraries */,
				00E356EF1AD99517003FC87E /* ThePlaygroundTests */,
				83CBBA001A601CBA00E9B192 /* Products */,
				2D16E6871FA4F8E400B85C8A /* Frameworks */,
				29119CB9B8C8398A9CC6C846 /* Pods */,
				1AABDF76DF0E41ECAAC439AA /* Resources */,
			);
			indentWidth = 2;
			sourceTree = "<group>";
			tabWidth = 2;
			usesTabs = 0;
		};
		83CBBA001A601CBA00E9B192 /* Products */ = {
			isa = PBXGroup;
			children = (
				13B07F961A680F5B00A75B9A /* ThePlayground.app */,
				00E356EE1AD99517003FC87E /* ThePlaygroundTests.xctest */,
				2D02E47B1E0B4A5D006451C7 /* ThePlayground-tvOS.app */,
				2D02E4901E0B4A5D006451C7 /* ThePlayground-tvOSTests.xctest */,
			);
			name = Products;
			sourceTree = "<group>";
		};
/* End PBXGroup section */

/* Begin PBXNativeTarget section */
		00E356ED1AD99517003FC87E /* ThePlaygroundTests */ = {
			isa = PBXNativeTarget;
			buildConfigurationList = 00E357021AD99517003FC87E /* Build configuration list for PBXNativeTarget "ThePlaygroundTests" */;
			buildPhases = (
				66C9188E4780811FDB72E291 /* [CP] Check Pods Manifest.lock */,
				00E356EA1AD99517003FC87E /* Sources */,
				00E356EB1AD99517003FC87E /* Frameworks */,
				00E356EC1AD99517003FC87E /* Resources */,
			);
			buildRules = (
			);
			dependencies = (
				00E356F51AD99517003FC87E /* PBXTargetDependency */,
			);
			name = ThePlaygroundTests;
			productName = ThePlaygroundTests;
			productReference = 00E356EE1AD99517003FC87E /* ThePlaygroundTests.xctest */;
			productType = "com.apple.product-type.bundle.unit-test";
		};
		13B07F861A680F5B00A75B9A /* ThePlayground */ = {
			isa = PBXNativeTarget;
			buildConfigurationList = 13B07F931A680F5B00A75B9A /* Build configuration list for PBXNativeTarget "ThePlayground" */;
			buildPhases = (
				2ED16E4F9CD4EEF96CF61162 /* [CP] Check Pods Manifest.lock */,
				FD10A7F022414F080027D42C /* Start Packager */,
				13B07F871A680F5B00A75B9A /* Sources */,
				13B07F8C1A680F5B00A75B9A /* Frameworks */,
				13B07F8E1A680F5B00A75B9A /* Resources */,
				00DD1BFF1BD5951E006B06BC /* Bundle React Native code and images */,
				8424E0400A1C1D086915DBC5 /* [CP] Copy Pods Resources */,
			);
			buildRules = (
			);
			dependencies = (
			);
			name = ThePlayground;
			productName = ThePlayground;
			productReference = 13B07F961A680F5B00A75B9A /* ThePlayground.app */;
			productType = "com.apple.product-type.application";
		};
		2D02E47A1E0B4A5D006451C7 /* ThePlayground-tvOS */ = {
			isa = PBXNativeTarget;
			buildConfigurationList = 2D02E4BA1E0B4A5E006451C7 /* Build configuration list for PBXNativeTarget "ThePlayground-tvOS" */;
			buildPhases = (
				3E1AC7671DF7F57F34B9A8C8 /* [CP] Check Pods Manifest.lock */,
				FD10A7F122414F3F0027D42C /* Start Packager */,
				2D02E4771E0B4A5D006451C7 /* Sources */,
				2D02E4781E0B4A5D006451C7 /* Frameworks */,
				2D02E4791E0B4A5D006451C7 /* Resources */,
				2D02E4CB1E0B4B27006451C7 /* Bundle React Native Code And Images */,
			);
			buildRules = (
			);
			dependencies = (
			);
			name = "ThePlayground-tvOS";
			productName = "ThePlayground-tvOS";
			productReference = 2D02E47B1E0B4A5D006451C7 /* ThePlayground-tvOS.app */;
			productType = "com.apple.product-type.application";
		};
		2D02E48F1E0B4A5D006451C7 /* ThePlayground-tvOSTests */ = {
			isa = PBXNativeTarget;
			buildConfigurationList = 2D02E4BB1E0B4A5E006451C7 /* Build configuration list for PBXNativeTarget "ThePlayground-tvOSTests" */;
			buildPhases = (
				B846A4E75E866FF54459F1F7 /* [CP] Check Pods Manifest.lock */,
				2D02E48C1E0B4A5D006451C7 /* Sources */,
				2D02E48D1E0B4A5D006451C7 /* Frameworks */,
				2D02E48E1E0B4A5D006451C7 /* Resources */,
			);
			buildRules = (
			);
			dependencies = (
				2D02E4921E0B4A5D006451C7 /* PBXTargetDependency */,
			);
			name = "ThePlayground-tvOSTests";
			productName = "ThePlayground-tvOSTests";
			productReference = 2D02E4901E0B4A5D006451C7 /* ThePlayground-tvOSTests.xctest */;
			productType = "com.apple.product-type.bundle.unit-test";
		};
/* End PBXNativeTarget section */

/* Begin PBXProject section */
		83CBB9F71A601CBA00E9B192 /* Project object */ = {
			isa = PBXProject;
			attributes = {
				LastUpgradeCheck = 940;
				ORGANIZATIONNAME = Facebook;
				TargetAttributes = {
					00E356ED1AD99517003FC87E = {
						CreatedOnToolsVersion = 6.2;
						DevelopmentTeam = 94W33R2RSR;
						TestTargetID = 13B07F861A680F5B00A75B9A;
					};
					13B07F861A680F5B00A75B9A = {
						DevelopmentTeam = 94W33R2RSR;
						ProvisioningStyle = Automatic;
					};
					2D02E47A1E0B4A5D006451C7 = {
						CreatedOnToolsVersion = 8.2.1;
						ProvisioningStyle = Automatic;
					};
					2D02E48F1E0B4A5D006451C7 = {
						CreatedOnToolsVersion = 8.2.1;
						ProvisioningStyle = Automatic;
						TestTargetID = 2D02E47A1E0B4A5D006451C7;
					};
				};
			};
			buildConfigurationList = 83CBB9FA1A601CBA00E9B192 /* Build configuration list for PBXProject "ThePlayground" */;
			compatibilityVersion = "Xcode 3.2";
			developmentRegion = English;
			hasScannedForEncodings = 0;
			knownRegions = (
				English,
				en,
				Base,
			);
			mainGroup = 83CBB9F61A601CBA00E9B192;
			productRefGroup = 83CBBA001A601CBA00E9B192 /* Products */;
			projectDirPath = "";
			projectRoot = "";
			targets = (
				13B07F861A680F5B00A75B9A /* ThePlayground */,
				00E356ED1AD99517003FC87E /* ThePlaygroundTests */,
				2D02E47A1E0B4A5D006451C7 /* ThePlayground-tvOS */,
				2D02E48F1E0B4A5D006451C7 /* ThePlayground-tvOSTests */,
			);
		};
/* End PBXProject section */

/* Begin PBXResourcesBuildPhase section */
		00E356EC1AD99517003FC87E /* Resources */ = {
			isa = PBXResourcesBuildPhase;
			buildActionMask = 2147483647;
			files = (
			);
			runOnlyForDeploymentPostprocessing = 0;
		};
		13B07F8E1A680F5B00A75B9A /* Resources */ = {
			isa = PBXResourcesBuildPhase;
			buildActionMask = 2147483647;
			files = (
				33E7CF322385B7AD0072FCFD /* Fontisto.ttf in Resources */,
				33E7CF3D2385B7AD0072FCFD /* FontAwesome.ttf in Resources */,
				33E7CF392385B7AD0072FCFD /* Foundation.ttf in Resources */,
				33E7CF3C2385B7AD0072FCFD /* FontAwesome5_Regular.ttf in Resources */,
				33E7CF3A2385B7AD0072FCFD /* Ionicons.ttf in Resources */,
				33E7CF3F2385B7AD0072FCFD /* EvilIcons.ttf in Resources */,
				33E7CF352385B7AD0072FCFD /* Entypo.ttf in Resources */,
				13B07FBF1A68108700A75B9A /* Images.xcassets in Resources */,
				33E7CF3E2385B7AD0072FCFD /* Zocial.ttf in Resources */,
				33E7CF402385B7AD0072FCFD /* SimpleLineIcons.ttf in Resources */,
				33E7CF342385B7AD0072FCFD /* Feather.ttf in Resources */,
				33E7CF332385B7AD0072FCFD /* Octicons.ttf in Resources */,
				33E7CF362385B7AD0072FCFD /* FontAwesome5_Brands.ttf in Resources */,
				33E7CF382385B7AD0072FCFD /* AntDesign.ttf in Resources */,
				33E7CF412385B7AD0072FCFD /* MaterialIcons.ttf in Resources */,
				33E7CF3B2385B7AD0072FCFD /* FontAwesome5_Solid.ttf in Resources */,
				33E7CF372385B7AD0072FCFD /* MaterialCommunityIcons.ttf in Resources */,
				13B07FBD1A68108700A75B9A /* LaunchScreen.xib in Resources */,
				6B65925BCA444741877FAE2A /* AntDesign.ttf in Resources */,
				5B7A5232D4314505863BCEE1 /* Entypo.ttf in Resources */,
				CE69563E8DC14A4C8AEDB9E3 /* EvilIcons.ttf in Resources */,
				45CA248557664752A5BAC413 /* Feather.ttf in Resources */,
				7218A4F8F7AA4B65AC6F92F1 /* FontAwesome.ttf in Resources */,
				9BA15A268B6C4298B4AF90BE /* FontAwesome5_Brands.ttf in Resources */,
				2C8BE2E804644404969C9701 /* FontAwesome5_Regular.ttf in Resources */,
				A7E4F73DAFB64AAFB14A5085 /* FontAwesome5_Solid.ttf in Resources */,
				DEBF5251C67641F7863ED745 /* Fontisto.ttf in Resources */,
				1FB9B6EC3FA147D2B7BF821C /* Foundation.ttf in Resources */,
				38E0B5D376AE4F0FABD40A4B /* Ionicons.ttf in Resources */,
				A57FCCBAAC7D47E68FAE37BA /* MaterialCommunityIcons.ttf in Resources */,
				61CD390B3EB249B59AA39B81 /* MaterialIcons.ttf in Resources */,
				027811ECFF5E4B12B0551AC5 /* Octicons.ttf in Resources */,
				D5C2FC0A3CC54292B4901168 /* SimpleLineIcons.ttf in Resources */,
				5D743C6743414B818098BE3B /* Zocial.ttf in Resources */,
				E49127918523441D818C27ED /* BeautifulHeart.ttf in Resources */,
				808E3F4C3CD64E42A16EC927 /* Roboto-Black.ttf in Resources */,
				15B06ADC664B42DA91FDA837 /* Roboto-BlackItalic.ttf in Resources */,
				BB17D2F581BE4FA3A87DFA39 /* Roboto-Bold.ttf in Resources */,
				C39148260AE7413BA13F3DC7 /* Roboto-BoldItalic.ttf in Resources */,
				6196DEEA459C42D7BA156ACF /* Roboto-Italic.ttf in Resources */,
				8D37848AADF146BE9A53C8D5 /* Roboto-Light.ttf in Resources */,
				C83E916A994941BA9FEE4026 /* Roboto-LightItalic.ttf in Resources */,
				40A096EE69724530822254C2 /* Roboto-Medium.ttf in Resources */,
				19F981F1BC974E83AD6B0EBA /* Roboto-MediumItalic.ttf in Resources */,
				207C51EED0E24C31B3A4681C /* Roboto-Regular.ttf in Resources */,
				DE8980B446B64536822A4C62 /* Roboto-Thin.ttf in Resources */,
				8F964F12A4754725894A00DB /* Roboto-ThinItalic.ttf in Resources */,
			);
			runOnlyForDeploymentPostprocessing = 0;
		};
		2D02E4791E0B4A5D006451C7 /* Resources */ = {
			isa = PBXResourcesBuildPhase;
			buildActionMask = 2147483647;
			files = (
				2D02E4BD1E0B4A84006451C7 /* Images.xcassets in Resources */,
			);
			runOnlyForDeploymentPostprocessing = 0;
		};
		2D02E48E1E0B4A5D006451C7 /* Resources */ = {
			isa = PBXResourcesBuildPhase;
			buildActionMask = 2147483647;
			files = (
			);
			runOnlyForDeploymentPostprocessing = 0;
		};
/* End PBXResourcesBuildPhase section */

/* Begin PBXShellScriptBuildPhase section */
		00DD1BFF1BD5951E006B06BC /* Bundle React Native code and images */ = {
			isa = PBXShellScriptBuildPhase;
			buildActionMask = 2147483647;
			files = (
			);
			inputPaths = (
			);
			name = "Bundle React Native code and images";
			outputPaths = (
			);
			runOnlyForDeploymentPostprocessing = 0;
			shellPath = /bin/sh;
			shellScript = "export NODE_BINARY=node\n../node_modules/react-native/scripts/react-native-xcode.sh\n";
		};
		2D02E4CB1E0B4B27006451C7 /* Bundle React Native Code And Images */ = {
			isa = PBXShellScriptBuildPhase;
			buildActionMask = 2147483647;
			files = (
			);
			inputPaths = (
			);
			name = "Bundle React Native Code And Images";
			outputPaths = (
			);
			runOnlyForDeploymentPostprocessing = 0;
			shellPath = /bin/sh;
			shellScript = "export NODE_BINARY=node\n../node_modules/react-native/scripts/react-native-xcode.sh";
		};
		2ED16E4F9CD4EEF96CF61162 /* [CP] Check Pods Manifest.lock */ = {
			isa = PBXShellScriptBuildPhase;
			buildActionMask = 2147483647;
			files = (
			);
			inputFileListPaths = (
			);
			inputPaths = (
				"${PODS_PODFILE_DIR_PATH}/Podfile.lock",
				"${PODS_ROOT}/Manifest.lock",
			);
			name = "[CP] Check Pods Manifest.lock";
			outputFileListPaths = (
			);
			outputPaths = (
				"$(DERIVED_FILE_DIR)/Pods-ThePlayground-checkManifestLockResult.txt",
			);
			runOnlyForDeploymentPostprocessing = 0;
			shellPath = /bin/sh;
			shellScript = "diff \"${PODS_PODFILE_DIR_PATH}/Podfile.lock\" \"${PODS_ROOT}/Manifest.lock\" > /dev/null\nif [ $? != 0 ] ; then\n    # print error to STDERR\n    echo \"error: The sandbox is not in sync with the Podfile.lock. Run 'pod install' or update your CocoaPods installation.\" >&2\n    exit 1\nfi\n# This output is used by Xcode 'outputs' to avoid re-running this script phase.\necho \"SUCCESS\" > \"${SCRIPT_OUTPUT_FILE_0}\"\n";
			showEnvVarsInLog = 0;
		};
		3E1AC7671DF7F57F34B9A8C8 /* [CP] Check Pods Manifest.lock */ = {
			isa = PBXShellScriptBuildPhase;
			buildActionMask = 2147483647;
			files = (
			);
			inputFileListPaths = (
			);
			inputPaths = (
				"${PODS_PODFILE_DIR_PATH}/Podfile.lock",
				"${PODS_ROOT}/Manifest.lock",
			);
			name = "[CP] Check Pods Manifest.lock";
			outputFileListPaths = (
			);
			outputPaths = (
				"$(DERIVED_FILE_DIR)/Pods-ThePlayground-tvOS-checkManifestLockResult.txt",
			);
			runOnlyForDeploymentPostprocessing = 0;
			shellPath = /bin/sh;
			shellScript = "diff \"${PODS_PODFILE_DIR_PATH}/Podfile.lock\" \"${PODS_ROOT}/Manifest.lock\" > /dev/null\nif [ $? != 0 ] ; then\n    # print error to STDERR\n    echo \"error: The sandbox is not in sync with the Podfile.lock. Run 'pod install' or update your CocoaPods installation.\" >&2\n    exit 1\nfi\n# This output is used by Xcode 'outputs' to avoid re-running this script phase.\necho \"SUCCESS\" > \"${SCRIPT_OUTPUT_FILE_0}\"\n";
			showEnvVarsInLog = 0;
		};
		66C9188E4780811FDB72E291 /* [CP] Check Pods Manifest.lock */ = {
			isa = PBXShellScriptBuildPhase;
			buildActionMask = 2147483647;
			files = (
			);
			inputFileListPaths = (
			);
			inputPaths = (
				"${PODS_PODFILE_DIR_PATH}/Podfile.lock",
				"${PODS_ROOT}/Manifest.lock",
			);
			name = "[CP] Check Pods Manifest.lock";
			outputFileListPaths = (
			);
			outputPaths = (
				"$(DERIVED_FILE_DIR)/Pods-ThePlaygroundTests-checkManifestLockResult.txt",
			);
			runOnlyForDeploymentPostprocessing = 0;
			shellPath = /bin/sh;
			shellScript = "diff \"${PODS_PODFILE_DIR_PATH}/Podfile.lock\" \"${PODS_ROOT}/Manifest.lock\" > /dev/null\nif [ $? != 0 ] ; then\n    # print error to STDERR\n    echo \"error: The sandbox is not in sync with the Podfile.lock. Run 'pod install' or update your CocoaPods installation.\" >&2\n    exit 1\nfi\n# This output is used by Xcode 'outputs' to avoid re-running this script phase.\necho \"SUCCESS\" > \"${SCRIPT_OUTPUT_FILE_0}\"\n";
			showEnvVarsInLog = 0;
		};
		8424E0400A1C1D086915DBC5 /* [CP] Copy Pods Resources */ = {
			isa = PBXShellScriptBuildPhase;
			buildActionMask = 2147483647;
			files = (
			);
			inputPaths = (
				"${PODS_ROOT}/Target Support Files/Pods-ThePlayground/Pods-ThePlayground-resources.sh",
				"${PODS_ROOT}/../../node_modules/react-native-vector-icons/Fonts/AntDesign.ttf",
				"${PODS_ROOT}/../../node_modules/react-native-vector-icons/Fonts/Entypo.ttf",
				"${PODS_ROOT}/../../node_modules/react-native-vector-icons/Fonts/EvilIcons.ttf",
				"${PODS_ROOT}/../../node_modules/react-native-vector-icons/Fonts/Feather.ttf",
				"${PODS_ROOT}/../../node_modules/react-native-vector-icons/Fonts/FontAwesome.ttf",
				"${PODS_ROOT}/../../node_modules/react-native-vector-icons/Fonts/FontAwesome5_Brands.ttf",
				"${PODS_ROOT}/../../node_modules/react-native-vector-icons/Fonts/FontAwesome5_Regular.ttf",
				"${PODS_ROOT}/../../node_modules/react-native-vector-icons/Fonts/FontAwesome5_Solid.ttf",
				"${PODS_ROOT}/../../node_modules/react-native-vector-icons/Fonts/Fontisto.ttf",
				"${PODS_ROOT}/../../node_modules/react-native-vector-icons/Fonts/Foundation.ttf",
				"${PODS_ROOT}/../../node_modules/react-native-vector-icons/Fonts/Ionicons.ttf",
				"${PODS_ROOT}/../../node_modules/react-native-vector-icons/Fonts/MaterialCommunityIcons.ttf",
				"${PODS_ROOT}/../../node_modules/react-native-vector-icons/Fonts/MaterialIcons.ttf",
				"${PODS_ROOT}/../../node_modules/react-native-vector-icons/Fonts/Octicons.ttf",
				"${PODS_ROOT}/../../node_modules/react-native-vector-icons/Fonts/SimpleLineIcons.ttf",
				"${PODS_ROOT}/../../node_modules/react-native-vector-icons/Fonts/Zocial.ttf",
			);
			name = "[CP] Copy Pods Resources";
			outputPaths = (
				"${TARGET_BUILD_DIR}/${UNLOCALIZED_RESOURCES_FOLDER_PATH}/AntDesign.ttf",
				"${TARGET_BUILD_DIR}/${UNLOCALIZED_RESOURCES_FOLDER_PATH}/Entypo.ttf",
				"${TARGET_BUILD_DIR}/${UNLOCALIZED_RESOURCES_FOLDER_PATH}/EvilIcons.ttf",
				"${TARGET_BUILD_DIR}/${UNLOCALIZED_RESOURCES_FOLDER_PATH}/Feather.ttf",
				"${TARGET_BUILD_DIR}/${UNLOCALIZED_RESOURCES_FOLDER_PATH}/FontAwesome.ttf",
				"${TARGET_BUILD_DIR}/${UNLOCALIZED_RESOURCES_FOLDER_PATH}/FontAwesome5_Brands.ttf",
				"${TARGET_BUILD_DIR}/${UNLOCALIZED_RESOURCES_FOLDER_PATH}/FontAwesome5_Regular.ttf",
				"${TARGET_BUILD_DIR}/${UNLOCALIZED_RESOURCES_FOLDER_PATH}/FontAwesome5_Solid.ttf",
				"${TARGET_BUILD_DIR}/${UNLOCALIZED_RESOURCES_FOLDER_PATH}/Fontisto.ttf",
				"${TARGET_BUILD_DIR}/${UNLOCALIZED_RESOURCES_FOLDER_PATH}/Foundation.ttf",
				"${TARGET_BUILD_DIR}/${UNLOCALIZED_RESOURCES_FOLDER_PATH}/Ionicons.ttf",
				"${TARGET_BUILD_DIR}/${UNLOCALIZED_RESOURCES_FOLDER_PATH}/MaterialCommunityIcons.ttf",
				"${TARGET_BUILD_DIR}/${UNLOCALIZED_RESOURCES_FOLDER_PATH}/MaterialIcons.ttf",
				"${TARGET_BUILD_DIR}/${UNLOCALIZED_RESOURCES_FOLDER_PATH}/Octicons.ttf",
				"${TARGET_BUILD_DIR}/${UNLOCALIZED_RESOURCES_FOLDER_PATH}/SimpleLineIcons.ttf",
				"${TARGET_BUILD_DIR}/${UNLOCALIZED_RESOURCES_FOLDER_PATH}/Zocial.ttf",
			);
			runOnlyForDeploymentPostprocessing = 0;
			shellPath = /bin/sh;
			shellScript = "\"${PODS_ROOT}/Target Support Files/Pods-ThePlayground/Pods-ThePlayground-resources.sh\"\n";
			showEnvVarsInLog = 0;
		};
		B846A4E75E866FF54459F1F7 /* [CP] Check Pods Manifest.lock */ = {
			isa = PBXShellScriptBuildPhase;
			buildActionMask = 2147483647;
			files = (
			);
			inputFileListPaths = (
			);
			inputPaths = (
				"${PODS_PODFILE_DIR_PATH}/Podfile.lock",
				"${PODS_ROOT}/Manifest.lock",
			);
			name = "[CP] Check Pods Manifest.lock";
			outputFileListPaths = (
			);
			outputPaths = (
				"$(DERIVED_FILE_DIR)/Pods-ThePlayground-tvOSTests-checkManifestLockResult.txt",
			);
			runOnlyForDeploymentPostprocessing = 0;
			shellPath = /bin/sh;
			shellScript = "diff \"${PODS_PODFILE_DIR_PATH}/Podfile.lock\" \"${PODS_ROOT}/Manifest.lock\" > /dev/null\nif [ $? != 0 ] ; then\n    # print error to STDERR\n    echo \"error: The sandbox is not in sync with the Podfile.lock. Run 'pod install' or update your CocoaPods installation.\" >&2\n    exit 1\nfi\n# This output is used by Xcode 'outputs' to avoid re-running this script phase.\necho \"SUCCESS\" > \"${SCRIPT_OUTPUT_FILE_0}\"\n";
			showEnvVarsInLog = 0;
		};
		FD10A7F022414F080027D42C /* Start Packager */ = {
			isa = PBXShellScriptBuildPhase;
			buildActionMask = 2147483647;
			files = (
			);
			inputFileListPaths = (
			);
			inputPaths = (
			);
			name = "Start Packager";
			outputFileListPaths = (
			);
			outputPaths = (
			);
			runOnlyForDeploymentPostprocessing = 0;
			shellPath = /bin/sh;
			shellScript = "export RCT_METRO_PORT=\"${RCT_METRO_PORT:=8081}\"\necho \"export RCT_METRO_PORT=${RCT_METRO_PORT}\" > \"${SRCROOT}/../node_modules/react-native/scripts/.packager.env\"\nif [ -z \"${RCT_NO_LAUNCH_PACKAGER+xxx}\" ] ; then\n  if nc -w 5 -z localhost ${RCT_METRO_PORT} ; then\n    if ! curl -s \"http://localhost:${RCT_METRO_PORT}/status\" | grep -q \"packager-status:running\" ; then\n      echo \"Port ${RCT_METRO_PORT} already in use, packager is either not running or not running correctly\"\n      exit 2\n    fi\n  else\n    open \"$SRCROOT/../node_modules/react-native/scripts/launchPackager.command\" || echo \"Can't start packager automatically\"\n  fi\nfi\n";
			showEnvVarsInLog = 0;
		};
		FD10A7F122414F3F0027D42C /* Start Packager */ = {
			isa = PBXShellScriptBuildPhase;
			buildActionMask = 2147483647;
			files = (
			);
			inputFileListPaths = (
			);
			inputPaths = (
			);
			name = "Start Packager";
			outputFileListPaths = (
			);
			outputPaths = (
			);
			runOnlyForDeploymentPostprocessing = 0;
			shellPath = /bin/sh;
			shellScript = "export RCT_METRO_PORT=\"${RCT_METRO_PORT:=8081}\"\necho \"export RCT_METRO_PORT=${RCT_METRO_PORT}\" > \"${SRCROOT}/../node_modules/react-native/scripts/.packager.env\"\nif [ -z \"${RCT_NO_LAUNCH_PACKAGER+xxx}\" ] ; then\n  if nc -w 5 -z localhost ${RCT_METRO_PORT} ; then\n    if ! curl -s \"http://localhost:${RCT_METRO_PORT}/status\" | grep -q \"packager-status:running\" ; then\n      echo \"Port ${RCT_METRO_PORT} already in use, packager is either not running or not running correctly\"\n      exit 2\n    fi\n  else\n    open \"$SRCROOT/../node_modules/react-native/scripts/launchPackager.command\" || echo \"Can't start packager automatically\"\n  fi\nfi\n";
			showEnvVarsInLog = 0;
		};
/* End PBXShellScriptBuildPhase section */

/* Begin PBXSourcesBuildPhase section */
		00E356EA1AD99517003FC87E /* Sources */ = {
			isa = PBXSourcesBuildPhase;
			buildActionMask = 2147483647;
			files = (
				00E356F31AD99517003FC87E /* ThePlaygroundTests.m in Sources */,
			);
			runOnlyForDeploymentPostprocessing = 0;
		};
		13B07F871A680F5B00A75B9A /* Sources */ = {
			isa = PBXSourcesBuildPhase;
			buildActionMask = 2147483647;
			files = (
				13B07FBC1A68108700A75B9A /* AppDelegate.m in Sources */,
				13B07FC11A68108700A75B9A /* main.m in Sources */,
			);
			runOnlyForDeploymentPostprocessing = 0;
		};
		2D02E4771E0B4A5D006451C7 /* Sources */ = {
			isa = PBXSourcesBuildPhase;
			buildActionMask = 2147483647;
			files = (
				2D02E4BF1E0B4AB3006451C7 /* main.m in Sources */,
				2D02E4BC1E0B4A80006451C7 /* AppDelegate.m in Sources */,
			);
			runOnlyForDeploymentPostprocessing = 0;
		};
		2D02E48C1E0B4A5D006451C7 /* Sources */ = {
			isa = PBXSourcesBuildPhase;
			buildActionMask = 2147483647;
			files = (
				2DCD954D1E0B4F2C00145EB5 /* ThePlaygroundTests.m in Sources */,
			);
			runOnlyForDeploymentPostprocessing = 0;
		};
/* End PBXSourcesBuildPhase section */

/* Begin PBXTargetDependency section */
		00E356F51AD99517003FC87E /* PBXTargetDependency */ = {
			isa = PBXTargetDependency;
			target = 13B07F861A680F5B00A75B9A /* ThePlayground */;
			targetProxy = 00E356F41AD99517003FC87E /* PBXContainerItemProxy */;
		};
		2D02E4921E0B4A5D006451C7 /* PBXTargetDependency */ = {
			isa = PBXTargetDependency;
			target = 2D02E47A1E0B4A5D006451C7 /* ThePlayground-tvOS */;
			targetProxy = 2D02E4911E0B4A5D006451C7 /* PBXContainerItemProxy */;
		};
/* End PBXTargetDependency section */

/* Begin PBXVariantGroup section */
		13B07FB11A68108700A75B9A /* LaunchScreen.xib */ = {
			isa = PBXVariantGroup;
			children = (
				13B07FB21A68108700A75B9A /* Base */,
			);
			name = LaunchScreen.xib;
			path = ThePlayground;
			sourceTree = "<group>";
		};
/* End PBXVariantGroup section */

/* Begin XCBuildConfiguration section */
		00E356F61AD99517003FC87E /* Debug */ = {
			isa = XCBuildConfiguration;
			baseConfigurationReference = 8B750E96CE892F7871BF8B0D /* Pods-ThePlaygroundTests.debug.xcconfig */;
			buildSettings = {
				BUNDLE_LOADER = "$(TEST_HOST)";
				"CODE_SIGN_IDENTITY[sdk=macosx*]" = "Apple Development";
				DEVELOPMENT_TEAM = 94W33R2RSR;
				GCC_PREPROCESSOR_DEFINITIONS = (
					"DEBUG=1",
					"$(inherited)",
				);
				INFOPLIST_FILE = ThePlaygroundTests/Info.plist;
				IPHONEOS_DEPLOYMENT_TARGET = 9.0;
				LD_RUNPATH_SEARCH_PATHS = "$(inherited) @executable_path/Frameworks @loader_path/Frameworks";
				OTHER_LDFLAGS = (
					"-ObjC",
					"-lc++",
					"$(inherited)",
				);
				PRODUCT_BUNDLE_IDENTIFIER = "org.reactjs.native.example.$(PRODUCT_NAME:rfc1034identifier)";
				PRODUCT_NAME = "$(TARGET_NAME)";
				TEST_HOST = "$(BUILT_PRODUCTS_DIR)/ThePlayground.app/ThePlayground";
			};
			name = Debug;
		};
		00E356F71AD99517003FC87E /* Release */ = {
			isa = XCBuildConfiguration;
			baseConfigurationReference = 894E00D39033CA93D834809B /* Pods-ThePlaygroundTests.release.xcconfig */;
			buildSettings = {
				BUNDLE_LOADER = "$(TEST_HOST)";
				"CODE_SIGN_IDENTITY[sdk=macosx*]" = "Apple Development";
				COPY_PHASE_STRIP = NO;
				DEVELOPMENT_TEAM = 94W33R2RSR;
				INFOPLIST_FILE = ThePlaygroundTests/Info.plist;
				IPHONEOS_DEPLOYMENT_TARGET = 9.0;
				LD_RUNPATH_SEARCH_PATHS = "$(inherited) @executable_path/Frameworks @loader_path/Frameworks";
				OTHER_LDFLAGS = (
					"-ObjC",
					"-lc++",
					"$(inherited)",
				);
				PRODUCT_BUNDLE_IDENTIFIER = "org.reactjs.native.example.$(PRODUCT_NAME:rfc1034identifier)";
				PRODUCT_NAME = "$(TARGET_NAME)";
				TEST_HOST = "$(BUILT_PRODUCTS_DIR)/ThePlayground.app/ThePlayground";
			};
			name = Release;
		};
		13B07F941A680F5B00A75B9A /* Debug */ = {
			isa = XCBuildConfiguration;
			baseConfigurationReference = 5936D0077BC7026742169E14 /* Pods-ThePlayground.debug.xcconfig */;
			buildSettings = {
				ASSETCATALOG_COMPILER_APPICON_NAME = AppIcon;
				CODE_SIGN_IDENTITY = "Apple Development";
				CODE_SIGN_STYLE = Automatic;
				CURRENT_PROJECT_VERSION = 1;
				DEAD_CODE_STRIPPING = NO;
				DEVELOPMENT_TEAM = 94W33R2RSR;
				INFOPLIST_FILE = ThePlayground/Info.plist;
				LD_RUNPATH_SEARCH_PATHS = "$(inherited) @executable_path/Frameworks";
				OTHER_LDFLAGS = (
					"$(inherited)",
					"-ObjC",
					"-lc++",
				);
				PRODUCT_BUNDLE_IDENTIFIER = coding.paper.twentytwo;
				PRODUCT_NAME = ThePlayground;
				PROVISIONING_PROFILE_SPECIFIER = "";
				VERSIONING_SYSTEM = "apple-generic";
			};
			name = Debug;
		};
		13B07F951A680F5B00A75B9A /* Release */ = {
			isa = XCBuildConfiguration;
			baseConfigurationReference = 122A4FF0D80F9E4B4B219631 /* Pods-ThePlayground.release.xcconfig */;
			buildSettings = {
				ASSETCATALOG_COMPILER_APPICON_NAME = AppIcon;
				CODE_SIGN_IDENTITY = "Apple Development";
				CODE_SIGN_STYLE = Automatic;
				CURRENT_PROJECT_VERSION = 1;
				DEVELOPMENT_TEAM = 94W33R2RSR;
				INFOPLIST_FILE = ThePlayground/Info.plist;
				LD_RUNPATH_SEARCH_PATHS = "$(inherited) @executable_path/Frameworks";
				OTHER_LDFLAGS = (
					"$(inherited)",
					"-ObjC",
					"-lc++",
				);
				PRODUCT_BUNDLE_IDENTIFIER = coding.paper.twentytwo;
				PRODUCT_NAME = ThePlayground;
				PROVISIONING_PROFILE_SPECIFIER = "";
				VERSIONING_SYSTEM = "apple-generic";
			};
			name = Release;
		};
		2D02E4971E0B4A5E006451C7 /* Debug */ = {
			isa = XCBuildConfiguration;
			baseConfigurationReference = 1920FB103FADE20F040065FE /* Pods-ThePlayground-tvOS.debug.xcconfig */;
			buildSettings = {
				ASSETCATALOG_COMPILER_APPICON_NAME = "App Icon & Top Shelf Image";
				ASSETCATALOG_COMPILER_LAUNCHIMAGE_NAME = LaunchImage;
				CLANG_ANALYZER_NONNULL = YES;
				CLANG_WARN_DOCUMENTATION_COMMENTS = YES;
				CLANG_WARN_INFINITE_RECURSION = YES;
				CLANG_WARN_SUSPICIOUS_MOVE = YES;
				DEBUG_INFORMATION_FORMAT = dwarf;
				ENABLE_TESTABILITY = YES;
				GCC_NO_COMMON_BLOCKS = YES;
				INFOPLIST_FILE = "ThePlayground-tvOS/Info.plist";
				LD_RUNPATH_SEARCH_PATHS = "$(inherited) @executable_path/Frameworks";
				OTHER_LDFLAGS = (
					"$(inherited)",
					"-ObjC",
					"-lc++",
				);
				PRODUCT_BUNDLE_IDENTIFIER = "com.facebook.REACT.ThePlayground-tvOS";
				PRODUCT_NAME = "$(TARGET_NAME)";
				SDKROOT = appletvos;
				TARGETED_DEVICE_FAMILY = 3;
				TVOS_DEPLOYMENT_TARGET = 9.2;
			};
			name = Debug;
		};
		2D02E4981E0B4A5E006451C7 /* Release */ = {
			isa = XCBuildConfiguration;
			baseConfigurationReference = C63399D3BF9BC8C8CD399D62 /* Pods-ThePlayground-tvOS.release.xcconfig */;
			buildSettings = {
				ASSETCATALOG_COMPILER_APPICON_NAME = "App Icon & Top Shelf Image";
				ASSETCATALOG_COMPILER_LAUNCHIMAGE_NAME = LaunchImage;
				CLANG_ANALYZER_NONNULL = YES;
				CLANG_WARN_DOCUMENTATION_COMMENTS = YES;
				CLANG_WARN_INFINITE_RECURSION = YES;
				CLANG_WARN_SUSPICIOUS_MOVE = YES;
				COPY_PHASE_STRIP = NO;
				DEBUG_INFORMATION_FORMAT = "dwarf-with-dsym";
				GCC_NO_COMMON_BLOCKS = YES;
				INFOPLIST_FILE = "ThePlayground-tvOS/Info.plist";
				LD_RUNPATH_SEARCH_PATHS = "$(inherited) @executable_path/Frameworks";
				OTHER_LDFLAGS = (
					"$(inherited)",
					"-ObjC",
					"-lc++",
				);
				PRODUCT_BUNDLE_IDENTIFIER = "com.facebook.REACT.ThePlayground-tvOS";
				PRODUCT_NAME = "$(TARGET_NAME)";
				SDKROOT = appletvos;
				TARGETED_DEVICE_FAMILY = 3;
				TVOS_DEPLOYMENT_TARGET = 9.2;
			};
			name = Release;
		};
		2D02E4991E0B4A5E006451C7 /* Debug */ = {
			isa = XCBuildConfiguration;
			baseConfigurationReference = 8F8E4B0E36E85B24F60787CE /* Pods-ThePlayground-tvOSTests.debug.xcconfig */;
			buildSettings = {
				BUNDLE_LOADER = "$(TEST_HOST)";
				CLANG_ANALYZER_NONNULL = YES;
				CLANG_WARN_DOCUMENTATION_COMMENTS = YES;
				CLANG_WARN_INFINITE_RECURSION = YES;
				CLANG_WARN_SUSPICIOUS_MOVE = YES;
				DEBUG_INFORMATION_FORMAT = dwarf;
				ENABLE_TESTABILITY = YES;
				GCC_NO_COMMON_BLOCKS = YES;
				INFOPLIST_FILE = "ThePlayground-tvOSTests/Info.plist";
				LD_RUNPATH_SEARCH_PATHS = "$(inherited) @executable_path/Frameworks @loader_path/Frameworks";
				OTHER_LDFLAGS = (
					"$(inherited)",
					"-ObjC",
					"-lc++",
				);
				PRODUCT_BUNDLE_IDENTIFIER = "com.facebook.REACT.ThePlayground-tvOSTests";
				PRODUCT_NAME = "$(TARGET_NAME)";
				SDKROOT = appletvos;
				TEST_HOST = "$(BUILT_PRODUCTS_DIR)/ThePlayground-tvOS.app/ThePlayground-tvOS";
				TVOS_DEPLOYMENT_TARGET = 10.1;
			};
			name = Debug;
		};
		2D02E49A1E0B4A5E006451C7 /* Release */ = {
			isa = XCBuildConfiguration;
			baseConfigurationReference = 1E47AF3D2A4DF9DFB53C86C5 /* Pods-ThePlayground-tvOSTests.release.xcconfig */;
			buildSettings = {
				BUNDLE_LOADER = "$(TEST_HOST)";
				CLANG_ANALYZER_NONNULL = YES;
				CLANG_WARN_DOCUMENTATION_COMMENTS = YES;
				CLANG_WARN_INFINITE_RECURSION = YES;
				CLANG_WARN_SUSPICIOUS_MOVE = YES;
				COPY_PHASE_STRIP = NO;
				DEBUG_INFORMATION_FORMAT = "dwarf-with-dsym";
				GCC_NO_COMMON_BLOCKS = YES;
				INFOPLIST_FILE = "ThePlayground-tvOSTests/Info.plist";
				LD_RUNPATH_SEARCH_PATHS = "$(inherited) @executable_path/Frameworks @loader_path/Frameworks";
				OTHER_LDFLAGS = (
					"$(inherited)",
					"-ObjC",
					"-lc++",
				);
				PRODUCT_BUNDLE_IDENTIFIER = "com.facebook.REACT.ThePlayground-tvOSTests";
				PRODUCT_NAME = "$(TARGET_NAME)";
				SDKROOT = appletvos;
				TEST_HOST = "$(BUILT_PRODUCTS_DIR)/ThePlayground-tvOS.app/ThePlayground-tvOS";
				TVOS_DEPLOYMENT_TARGET = 10.1;
			};
			name = Release;
		};
		83CBBA201A601CBA00E9B192 /* Debug */ = {
			isa = XCBuildConfiguration;
			buildSettings = {
				ALWAYS_SEARCH_USER_PATHS = NO;
				CLANG_CXX_LANGUAGE_STANDARD = "gnu++0x";
				CLANG_CXX_LIBRARY = "libc++";
				CLANG_ENABLE_MODULES = YES;
				CLANG_ENABLE_OBJC_ARC = YES;
				CLANG_WARN_BLOCK_CAPTURE_AUTORELEASING = YES;
				CLANG_WARN_BOOL_CONVERSION = YES;
				CLANG_WARN_COMMA = YES;
				CLANG_WARN_CONSTANT_CONVERSION = YES;
				CLANG_WARN_DEPRECATED_OBJC_IMPLEMENTATIONS = YES;
				CLANG_WARN_DIRECT_OBJC_ISA_USAGE = YES_ERROR;
				CLANG_WARN_EMPTY_BODY = YES;
				CLANG_WARN_ENUM_CONVERSION = YES;
				CLANG_WARN_INFINITE_RECURSION = YES;
				CLANG_WARN_INT_CONVERSION = YES;
				CLANG_WARN_NON_LITERAL_NULL_CONVERSION = YES;
				CLANG_WARN_OBJC_IMPLICIT_RETAIN_SELF = YES;
				CLANG_WARN_OBJC_LITERAL_CONVERSION = YES;
				CLANG_WARN_OBJC_ROOT_CLASS = YES_ERROR;
				CLANG_WARN_RANGE_LOOP_ANALYSIS = YES;
				CLANG_WARN_STRICT_PROTOTYPES = YES;
				CLANG_WARN_SUSPICIOUS_MOVE = YES;
				CLANG_WARN_UNREACHABLE_CODE = YES;
				CLANG_WARN__DUPLICATE_METHOD_MATCH = YES;
				"CODE_SIGN_IDENTITY[sdk=iphoneos*]" = "iPhone Developer";
				COPY_PHASE_STRIP = NO;
				ENABLE_STRICT_OBJC_MSGSEND = YES;
				ENABLE_TESTABILITY = YES;
				GCC_C_LANGUAGE_STANDARD = gnu99;
				GCC_DYNAMIC_NO_PIC = NO;
				GCC_NO_COMMON_BLOCKS = YES;
				GCC_OPTIMIZATION_LEVEL = 0;
				GCC_PREPROCESSOR_DEFINITIONS = (
					"DEBUG=1",
					"$(inherited)",
				);
				GCC_SYMBOLS_PRIVATE_EXTERN = NO;
				GCC_WARN_64_TO_32_BIT_CONVERSION = YES;
				GCC_WARN_ABOUT_RETURN_TYPE = YES_ERROR;
				GCC_WARN_UNDECLARED_SELECTOR = YES;
				GCC_WARN_UNINITIALIZED_AUTOS = YES_AGGRESSIVE;
				GCC_WARN_UNUSED_FUNCTION = YES;
				GCC_WARN_UNUSED_VARIABLE = YES;
				IPHONEOS_DEPLOYMENT_TARGET = 9.0;
				MTL_ENABLE_DEBUG_INFO = YES;
				ONLY_ACTIVE_ARCH = YES;
				SDKROOT = iphoneos;
			};
			name = Debug;
		};
		83CBBA211A601CBA00E9B192 /* Release */ = {
			isa = XCBuildConfiguration;
			buildSettings = {
				ALWAYS_SEARCH_USER_PATHS = NO;
				CLANG_CXX_LANGUAGE_STANDARD = "gnu++0x";
				CLANG_CXX_LIBRARY = "libc++";
				CLANG_ENABLE_MODULES = YES;
				CLANG_ENABLE_OBJC_ARC = YES;
				CLANG_WARN_BLOCK_CAPTURE_AUTORELEASING = YES;
				CLANG_WARN_BOOL_CONVERSION = YES;
				CLANG_WARN_COMMA = YES;
				CLANG_WARN_CONSTANT_CONVERSION = YES;
				CLANG_WARN_DEPRECATED_OBJC_IMPLEMENTATIONS = YES;
				CLANG_WARN_DIRECT_OBJC_ISA_USAGE = YES_ERROR;
				CLANG_WARN_EMPTY_BODY = YES;
				CLANG_WARN_ENUM_CONVERSION = YES;
				CLANG_WARN_INFINITE_RECURSION = YES;
				CLANG_WARN_INT_CONVERSION = YES;
				CLANG_WARN_NON_LITERAL_NULL_CONVERSION = YES;
				CLANG_WARN_OBJC_IMPLICIT_RETAIN_SELF = YES;
				CLANG_WARN_OBJC_LITERAL_CONVERSION = YES;
				CLANG_WARN_OBJC_ROOT_CLASS = YES_ERROR;
				CLANG_WARN_RANGE_LOOP_ANALYSIS = YES;
				CLANG_WARN_STRICT_PROTOTYPES = YES;
				CLANG_WARN_SUSPICIOUS_MOVE = YES;
				CLANG_WARN_UNREACHABLE_CODE = YES;
				CLANG_WARN__DUPLICATE_METHOD_MATCH = YES;
				"CODE_SIGN_IDENTITY[sdk=iphoneos*]" = "iPhone Developer";
				COPY_PHASE_STRIP = YES;
				ENABLE_NS_ASSERTIONS = NO;
				ENABLE_STRICT_OBJC_MSGSEND = YES;
				GCC_C_LANGUAGE_STANDARD = gnu99;
				GCC_NO_COMMON_BLOCKS = YES;
				GCC_WARN_64_TO_32_BIT_CONVERSION = YES;
				GCC_WARN_ABOUT_RETURN_TYPE = YES_ERROR;
				GCC_WARN_UNDECLARED_SELECTOR = YES;
				GCC_WARN_UNINITIALIZED_AUTOS = YES_AGGRESSIVE;
				GCC_WARN_UNUSED_FUNCTION = YES;
				GCC_WARN_UNUSED_VARIABLE = YES;
				IPHONEOS_DEPLOYMENT_TARGET = 9.0;
				MTL_ENABLE_DEBUG_INFO = NO;
				SDKROOT = iphoneos;
				VALIDATE_PRODUCT = YES;
			};
			name = Release;
		};
/* End XCBuildConfiguration section */

/* Begin XCConfigurationList section */
		00E357021AD99517003FC87E /* Build configuration list for PBXNativeTarget "ThePlaygroundTests" */ = {
			isa = XCConfigurationList;
			buildConfigurations = (
				00E356F61AD99517003FC87E /* Debug */,
				00E356F71AD99517003FC87E /* Release */,
			);
			defaultConfigurationIsVisible = 0;
			defaultConfigurationName = Release;
		};
		13B07F931A680F5B00A75B9A /* Build configuration list for PBXNativeTarget "ThePlayground" */ = {
			isa = XCConfigurationList;
			buildConfigurations = (
				13B07F941A680F5B00A75B9A /* Debug */,
				13B07F951A680F5B00A75B9A /* Release */,
			);
			defaultConfigurationIsVisible = 0;
			defaultConfigurationName = Release;
		};
		2D02E4BA1E0B4A5E006451C7 /* Build configuration list for PBXNativeTarget "ThePlayground-tvOS" */ = {
			isa = XCConfigurationList;
			buildConfigurations = (
				2D02E4971E0B4A5E006451C7 /* Debug */,
				2D02E4981E0B4A5E006451C7 /* Release */,
			);
			defaultConfigurationIsVisible = 0;
			defaultConfigurationName = Release;
		};
		2D02E4BB1E0B4A5E006451C7 /* Build configuration list for PBXNativeTarget "ThePlayground-tvOSTests" */ = {
			isa = XCConfigurationList;
			buildConfigurations = (
				2D02E4991E0B4A5E006451C7 /* Debug */,
				2D02E49A1E0B4A5E006451C7 /* Release */,
			);
			defaultConfigurationIsVisible = 0;
			defaultConfigurationName = Release;
		};
		83CBB9FA1A601CBA00E9B192 /* Build configuration list for PBXProject "ThePlayground" */ = {
			isa = XCConfigurationList;
			buildConfigurations = (
				83CBBA201A601CBA00E9B192 /* Debug */,
				83CBBA211A601CBA00E9B192 /* Release */,
			);
			defaultConfigurationIsVisible = 0;
			defaultConfigurationName = Release;
		};
/* End XCConfigurationList section */
	};
	rootObject = 83CBB9F71A601CBA00E9B192 /* Project object */;
}
